
Microsoft Visual Studio Solution File, Format Version 12.00
Project("{FAE04EC0-301F-11D3-BF4B-00C04F79EFBC}") = "NflBettingTrends", "NflBettingTrends\NflBettingTrends.csproj", "{799BC5F3-E0A0-4745-8D72-D7983EDCCB3D}"
EndProject
Project("{FAE04EC0-301F-11D3-BF4B-00C04F79EFBC}") = "NflBettingTrends.Shared", "NflBettingTrends.Shared\NflBettingTrends.Shared.csproj", "{D0BDF7A0-6554-4E41-8306-F38BA24B93D7}"
EndProject
Project("{FAE04EC0-301F-11D3-BF4B-00C04F79EFBC}") = "NflBettingTrends.Functions", "NflBettingTrends.Functions\NflBettingTrends.Functions.csproj", "{B3BADA0D-4062-4D31-AFAD-88A214FCDC06}"
EndProject
Global
	GlobalSection(SolutionConfigurationPlatforms) = preSolution
		Debug|Any CPU = Debug|Any CPU
		Debug|x64 = Debug|x64
		Debug|x86 = Debug|x86
		Release|Any CPU = Release|Any CPU
		Release|x64 = Release|x64
		Release|x86 = Release|x86
	EndGlobalSection
	GlobalSection(ProjectConfigurationPlatforms) = postSolution
		{799BC5F3-E0A0-4745-8D72-D7983EDCCB3D}.Debug|Any CPU.ActiveCfg = Debug|Any CPU
		{799BC5F3-E0A0-4745-8D72-D7983EDCCB3D}.Debug|Any CPU.Build.0 = Debug|Any CPU
		{799BC5F3-E0A0-4745-8D72-D7983EDCCB3D}.Debug|x64.ActiveCfg = Debug|Any CPU
		{799BC5F3-E0A0-4745-8D72-D7983EDCCB3D}.Debug|x64.Build.0 = Debug|Any CPU
		{799BC5F3-E0A0-4745-8D72-D7983EDCCB3D}.Debug|x86.ActiveCfg = Debug|Any CPU
		{799BC5F3-E0A0-4745-8D72-D7983EDCCB3D}.Debug|x86.Build.0 = Debug|Any CPU
		{799BC5F3-E0A0-4745-8D72-D7983EDCCB3D}.Release|Any CPU.ActiveCfg = Release|Any CPU
		{799BC5F3-E0A0-4745-8D72-D7983EDCCB3D}.Release|Any CPU.Build.0 = Release|Any CPU
		{799BC5F3-E0A0-4745-8D72-D7983EDCCB3D}.Release|x64.ActiveCfg = Release|Any CPU
		{799BC5F3-E0A0-4745-8D72-D7983EDCCB3D}.Release|x64.Build.0 = Release|Any CPU
		{799BC5F3-E0A0-4745-8D72-D7983EDCCB3D}.Release|x86.ActiveCfg = Release|Any CPU
		{799BC5F3-E0A0-4745-8D72-D7983EDCCB3D}.Release|x86.Build.0 = Release|Any CPU
		{D0BDF7A0-6554-4E41-8306-F38BA24B93D7}.Debug|Any CPU.ActiveCfg = Debug|Any CPU
		{D0BDF7A0-6554-4E41-8306-F38BA24B93D7}.Debug|Any CPU.Build.0 = Debug|Any CPU
		{D0BDF7A0-6554-4E41-8306-F38BA24B93D7}.Debug|x64.ActiveCfg = Debug|Any CPU
		{D0BDF7A0-6554-4E41-8306-F38BA24B93D7}.Debug|x64.Build.0 = Debug|Any CPU
		{D0BDF7A0-6554-4E41-8306-F38BA24B93D7}.Debug|x86.ActiveCfg = Debug|Any CPU
		{D0BDF7A0-6554-4E41-8306-F38BA24B93D7}.Debug|x86.Build.0 = Debug|Any CPU
		{D0BDF7A0-6554-4E41-8306-F38BA24B93D7}.Release|Any CPU.ActiveCfg = Release|Any CPU
		{D0BDF7A0-6554-4E41-8306-F38BA24B93D7}.Release|Any CPU.Build.0 = Release|Any CPU
		{D0BDF7A0-6554-4E41-8306-F38BA24B93D7}.Release|x64.ActiveCfg = Release|Any CPU
		{D0BDF7A0-6554-4E41-8306-F38BA24B93D7}.Release|x64.Build.0 = Release|Any CPU
		{D0BDF7A0-6554-4E41-8306-F38BA24B93D7}.Release|x86.ActiveCfg = Release|Any CPU
		{D0BDF7A0-6554-4E41-8306-F38BA24B93D7}.Release|x86.Build.0 = Release|Any CPU
		{B3BADA0D-4062-4D31-AFAD-88A214FCDC06}.Debug|Any CPU.ActiveCfg = Debug|Any CPU
		{B3BADA0D-4062-4D31-AFAD-88A214FCDC06}.Debug|Any CPU.Build.0 = Debug|Any CPU
		{B3BADA0D-4062-4D31-AFAD-88A214FCDC06}.Debug|x64.ActiveCfg = Debug|Any CPU
		{B3BADA0D-4062-4D31-AFAD-88A214FCDC06}.Debug|x64.Build.0 = Debug|Any CPU
		{B3BADA0D-4062-4D31-AFAD-88A214FCDC06}.Debug|x86.ActiveCfg = Debug|Any CPU
		{B3BADA0D-4062-4D31-AFAD-88A214FCDC06}.Debug|x86.Build.0 = Debug|Any CPU
		{B3BADA0D-4062-4D31-AFAD-88A214FCDC06}.Release|Any CPU.ActiveCfg = Release|Any CPU
		{B3BADA0D-4062-4D31-AFAD-88A214FCDC06}.Release|Any CPU.Build.0 = Release|Any CPU
		{B3BADA0D-4062-4D31-AFAD-88A214FCDC06}.Release|x64.ActiveCfg = Release|Any CPU
		{B3BADA0D-4062-4D31-AFAD-88A214FCDC06}.Release|x64.Build.0 = Release|Any CPU
		{B3BADA0D-4062-4D31-AFAD-88A214FCDC06}.Release|x86.ActiveCfg = Release|Any CPU
		{B3BADA0D-4062-4D31-AFAD-88A214FCDC06}.Release|x86.Build.0 = Release|Any CPU
	EndGlobalSection
	GlobalSection(SolutionProperties) = preSolution
		HideSolutionNode = FALSE
	EndGlobalSection
EndGlobal
